{
  "name": "streaming-hls",
  "version": "1.0.0",
  "lockfileVersion": 3,
  "requires": true,
  "packages": {
    "": {
      "name": "streaming-hls",
      "version": "1.0.0",
      "license": "ISC",
      "dependencies": {
        "hls-server": "^1.5.0"
      }
    },
    "node_modules/hls-server": {
      "version": "1.5.0",
      "resolved": "https://registry.npmjs.org/hls-server/-/hls-server-1.5.0.tgz",
      "integrity": "sha512-uDTPyuNvHjd5KkK/Zmm6vAWERdRp0l8rlkfSO56KcJGsEfFMwVcgkzbScTmrV+kuOq9FznWf9ze9pprtGEletA==",
      "dependencies": {
        "http-attach": "^1.0.0",
        "minimist": "^1.2.0"
      },
      "bin": {
        "hlsserver": "src/cli.js"
      }
    },
    "node_modules/http-attach": {
      "version": "1.0.0",
      "resolved": "https://registry.npmjs.org/http-attach/-/http-attach-1.0.0.tgz",
      "integrity": "sha512-RWbYNCz3ybfIvjbELCaLD3eh01yKmqro/hoCzBFiUCoHZfb6FdNeSalYjMInVGsM0cj7M8DmXf290sWFJLsz4w=="
    },
    "node_modules/minimist": {
      "version": "1.2.8",
      "resolved": "https://registry.npmjs.org/minimist/-/minimist-1.2.8.tgz",
      "integrity": "sha512-2yyAR8qBkN3YuheJanUpWC5U3bb5osDywNB8RzDVlDwDHbocAJveqqj1u8+SVD7jkWT4yvsHCpWqqWqAxb0zCA==",
      "funding": {
        "url": "https://github.com/sponsors/ljharb"
      }
    }
  }
}
